{
	"name": "stfukyyg",
	"version": "3.0.0",
	"lockfileVersion": 2,
	"requires": true,
	"packages": {
		"": {
			"name": "stfukyyg",
			"version": "3.0.0",
			"license": "GPL-3.0-only",
			"dependencies": {
				"eris": "^0.13.2",
				"js-yaml": "^3.14.0"
			}
		},
		"node_modules/argparse": {
			"version": "1.0.10",
			"resolved": "https://registry.npmjs.org/argparse/-/argparse-1.0.10.tgz",
			"integrity": "sha512-o5Roy6tNG4SL/FOkCAN6RzjiakZS25RLYFrcMttJqbdd8BWrnA+fGz57iN5Pb06pvBGvl5gQ0B48dJlslXvoTg==",
			"dependencies": {
				"sprintf-js": "~1.0.2"
			}
		},
		"node_modules/eris": {
			"version": "0.13.4",
			"resolved": "https://registry.npmjs.org/eris/-/eris-0.13.4.tgz",
			"integrity": "sha512-IFA14nasCig8xp8cVCULvzBuJ0qpYqJ3XyEtm9OLdC177DYDCJ9QM2Aq+KOpejIVl7838n9AyRlLI6w9Eu3PiQ==",
			"dependencies": {
				"ws": "^7.2.1"
			},
			"engines": {
				"node": ">=8.0.0"
			},
			"optionalDependencies": {
				"opusscript": "^0.0.7",
				"tweetnacl": "^1.0.1"
			}
		},
		"node_modules/esprima": {
			"version": "4.0.1",
			"resolved": "https://registry.npmjs.org/esprima/-/esprima-4.0.1.tgz",
			"integrity": "sha512-eGuFFw7Upda+g4p+QHvnW0RyTX/SVeJBDM/gCtMARO0cLuT2HcEKnTPvhjV6aGeqrCB/sbNop0Kszm0jsaWU4A==",
			"bin": {
				"esparse": "bin/esparse.js",
				"esvalidate": "bin/esvalidate.js"
			},
			"engines": {
				"node": ">=4"
			}
		},
		"node_modules/js-yaml": {
			"version": "3.14.1",
			"resolved": "https://registry.npmjs.org/js-yaml/-/js-yaml-3.14.1.tgz",
			"integrity": "sha512-okMH7OXXJ7YrN9Ok3/SXrnu4iX9yOk+25nqX4imS2npuvTYDmo/QEZoqwZkYaIDk3jVvBOTOIEgEhaLOynBS9g==",
			"dependencies": {
				"argparse": "^1.0.7",
				"esprima": "^4.0.0"
			},
			"bin": {
				"js-yaml": "bin/js-yaml.js"
			}
		},
		"node_modules/opusscript": {
			"version": "0.0.7",
			"resolved": "https://registry.npmjs.org/opusscript/-/opusscript-0.0.7.tgz",
			"integrity": "sha512-DcBadTdYTUuH9zQtepsLjQn4Ll6rs3dmeFvN+SD0ThPnxRBRm/WC1zXWPg+wgAJimB784gdZvUMA57gDP7FdVg==",
			"optional": true
		},
		"node_modules/sprintf-js": {
			"version": "1.0.3",
			"resolved": "https://registry.npmjs.org/sprintf-js/-/sprintf-js-1.0.3.tgz",
			"integrity": "sha1-BOaSb2YolTVPPdAVIDYzuFcpfiw="
		},
		"node_modules/tweetnacl": {
			"version": "1.0.3",
			"resolved": "https://registry.npmjs.org/tweetnacl/-/tweetnacl-1.0.3.tgz",
			"integrity": "sha512-6rt+RN7aOi1nGMyC4Xa5DdYiukl2UWCbcJft7YhxReBGQD7OAM8Pbxw6YMo4r2diNEA8FEmu32YOn9rhaiE5yw==",
			"optional": true
		},
		"node_modules/ws": {
			"version": "7.5.5",
			"resolved": "https://registry.npmjs.org/ws/-/ws-7.5.5.tgz",
			"integrity": "sha512-BAkMFcAzl8as1G/hArkxOxq3G7pjUqQ3gzYbLL0/5zNkph70e+lCoxBGnm6AW1+/aiNeV4fnKqZ8m4GZewmH2w==",
			"engines": {
				"node": ">=8.3.0"
			},
			"peerDependencies": {
				"bufferutil": "^4.0.1",
				"utf-8-validate": "^5.0.2"
			},
			"peerDependenciesMeta": {
				"bufferutil": {
					"optional": true
				},
				"utf-8-validate": {
					"optional": true
				}
			}
		}
	},
	"dependencies": {
		"argparse": {
			"version": "1.0.10",
			"resolved": "https://registry.npmjs.org/argparse/-/argparse-1.0.10.tgz",
			"integrity": "sha512-o5Roy6tNG4SL/FOkCAN6RzjiakZS25RLYFrcMttJqbdd8BWrnA+fGz57iN5Pb06pvBGvl5gQ0B48dJlslXvoTg==",
			"requires": {
				"sprintf-js": "~1.0.2"
			}
		},
		"eris": {
			"version": "0.13.4",
			"resolved": "https://registry.npmjs.org/eris/-/eris-0.13.4.tgz",
			"integrity": "sha512-IFA14nasCig8xp8cVCULvzBuJ0qpYqJ3XyEtm9OLdC177DYDCJ9QM2Aq+KOpejIVl7838n9AyRlLI6w9Eu3PiQ==",
			"requires": {
				"opusscript": "^0.0.7",
				"tweetnacl": "^1.0.1",
				"ws": "^7.2.1"
			}
		},
		"esprima": {
			"version": "4.0.1",
			"resolved": "https://registry.npmjs.org/esprima/-/esprima-4.0.1.tgz",
			"integrity": "sha512-eGuFFw7Upda+g4p+QHvnW0RyTX/SVeJBDM/gCtMARO0cLuT2HcEKnTPvhjV6aGeqrCB/sbNop0Kszm0jsaWU4A=="
		},
		"js-yaml": {
			"version": "3.14.1",
			"resolved": "https://registry.npmjs.org/js-yaml/-/js-yaml-3.14.1.tgz",
			"integrity": "sha512-okMH7OXXJ7YrN9Ok3/SXrnu4iX9yOk+25nqX4imS2npuvTYDmo/QEZoqwZkYaIDk3jVvBOTOIEgEhaLOynBS9g==",
			"requires": {
				"argparse": "^1.0.7",
				"esprima": "^4.0.0"
			}
		},
		"opusscript": {
			"version": "0.0.7",
			"resolved": "https://registry.npmjs.org/opusscript/-/opusscript-0.0.7.tgz",
			"integrity": "sha512-DcBadTdYTUuH9zQtepsLjQn4Ll6rs3dmeFvN+SD0ThPnxRBRm/WC1zXWPg+wgAJimB784gdZvUMA57gDP7FdVg==",
			"optional": true
		},
		"sprintf-js": {
			"version": "1.0.3",
			"resolved": "https://registry.npmjs.org/sprintf-js/-/sprintf-js-1.0.3.tgz",
			"integrity": "sha1-BOaSb2YolTVPPdAVIDYzuFcpfiw="
		},
		"tweetnacl": {
			"version": "1.0.3",
			"resolved": "https://registry.npmjs.org/tweetnacl/-/tweetnacl-1.0.3.tgz",
			"integrity": "sha512-6rt+RN7aOi1nGMyC4Xa5DdYiukl2UWCbcJft7YhxReBGQD7OAM8Pbxw6YMo4r2diNEA8FEmu32YOn9rhaiE5yw==",
			"optional": true
		},
		"ws": {
			"version": "7.5.5",
			"resolved": "https://registry.npmjs.org/ws/-/ws-7.5.5.tgz",
			"integrity": "sha512-BAkMFcAzl8as1G/hArkxOxq3G7pjUqQ3gzYbLL0/5zNkph70e+lCoxBGnm6AW1+/aiNeV4fnKqZ8m4GZewmH2w==",
			"requires": {}
		}
	}
}
